{
    "_readme": [
        "This file locks the dependencies of your project to a known state",
        "Read more about it at https://getcomposer.org/doc/01-basic-usage.md#composer-lock-the-lock-file",
        "This file is @generated automatically"
    ],
    "content-hash": "2030159a904e5c196003b32ad3bfbaea",
    "packages": [
        {
            "name": "beberlei/assert",
            "version": "v2.7.6",
            "source": {
                "type": "git",
                "url": "https://github.com/beberlei/assert.git",
                "reference": "8726e183ebbb0169cb6cb4832e22ebd355524563"
            },
            "dist": {
                "type": "zip",
                "url": "https://api.github.com/repos/beberlei/assert/zipball/8726e183ebbb0169cb6cb4832e22ebd355524563",
                "reference": "8726e183ebbb0169cb6cb4832e22ebd355524563",
                "shasum": ""
            },
            "require": {
                "ext-mbstring": "*",
                "php": ">=5.3"
            },
            "require-dev": {
                "friendsofphp/php-cs-fixer": "^2.1.1",
                "phpunit/phpunit": "^4|^5"
            },
            "type": "library",
            "autoload": {
                "psr-4": {
                    "Assert\\": "lib/Assert"
                },
                "files": [
                    "lib/Assert/functions.php"
                ]
            },
            "notification-url": "https://packagist.org/downloads/",
            "license": [
                "BSD-2-Clause"
            ],
            "authors": [
                {
                    "name": "Benjamin Eberlei",
                    "email": "kontakt@beberlei.de",
                    "role": "Lead Developer"
                },
                {
                    "name": "Richard Quadling",
                    "email": "rquadling@gmail.com",
                    "role": "Collaborator"
                }
            ],
            "description": "Thin assertion library for input validation in business models.",
            "keywords": [
                "assert",
                "assertion",
                "validation"
            ],
            "time": "2017-05-04T02:00:24+00:00"
        },
        {
            "name": "goodid/goodid-jose-php55",
            "version": "1.0.0",
            "source": {
                "type": "git",
                "url": "https://github.com/idandtrust/goodid-jose.git",
                "reference": "b905f3bd204f5952e0265e2333a753f02b37d949"
            },
            "dist": {
                "type": "zip",
                "url": "https://api.github.com/repos/idandtrust/goodid-jose/zipball/b905f3bd204f5952e0265e2333a753f02b37d949",
                "reference": "b905f3bd204f5952e0265e2333a753f02b37d949",
                "shasum": ""
            },
            "require": {
                "beberlei/assert": "^2.0",
                "goodid/goodid-phpecc-php55": "^1.0",
                "lib-openssl": "*",
                "php": ">=5.5.9",
                "phpseclib/phpseclib": "^2.0",
                "psr/log": "^1.0",
                "spomky-labs/aes-key-wrap": "^2.0",
                "spomky-labs/base64url": "^1.0",
                "spomky-labs/php-aes-gcm": "^1.0",
                "symfony/polyfill-mbstring": "^1.1",
                "symfony/polyfill-php56": "^1.1",
                "symfony/polyfill-php70": "^1.1"
            },
            "require-dev": {
                "phpunit/phpunit": "^4.5|^5.0",
                "satooshi/php-coveralls": "^1.0",
                "symfony/phpunit-bridge": "^3.0"
            },
            "type": "library",
            "autoload": {
                "psr-4": {
                    "Jose\\": "src/"
                }
            },
            "notification-url": "https://packagist.org/downloads/",
            "license": [
                "MIT"
            ],
            "authors": [
                {
                    "name": "Florent Morselli",
                    "homepage": "https://github.com/Spomky"
                },
                {
                    "name": "All contributors",
                    "homepage": "https://github.com/Spomky-Labs/jose/contributors"
                }
            ],
            "description": "JSON Object Signing and Encryption library for PHP 5.5. Mirrored from spomky-labs/jose v3.0.1",
            "homepage": "https://github.com/Spomky-Labs/Jose",
            "keywords": [
                "JOSE",
                "JWE",
                "JWK",
                "JWKSet",
                "JWS",
                "Jot",
                "RFC7515",
                "RFC7516",
                "RFC7517",
                "RFC7518",
                "RFC7519",
                "RFC7520",
                "jwa",
                "jwt"
            ],
            "time": "2017-03-21T23:44:56+00:00"
        },
        {
            "name": "goodid/goodid-phpasn1-php55",
            "version": "1.0.0",
            "source": {
                "type": "git",
                "url": "https://github.com/idandtrust/goodid-phpasn1.git",
                "reference": "b95183bb85e51fbaf725d5e318dee1dbc3416b80"
            },
            "dist": {
                "type": "zip",
                "url": "https://api.github.com/repos/idandtrust/goodid-phpasn1/zipball/b95183bb85e51fbaf725d5e318dee1dbc3416b80",
                "reference": "b95183bb85e51fbaf725d5e318dee1dbc3416b80",
                "shasum": ""
            },
            "require": {
                "ext-gmp": "*",
                "php": ">=5.5.0"
            },
            "require-dev": {
                "phpunit/phpunit": "~4.5",
                "satooshi/php-coveralls": "dev-master"
            },
            "suggest": {
                "php-curl": "For loading OID information from the web if they have not bee defined statically"
            },
            "type": "library",
            "autoload": {
                "psr-4": {
                    "FG\\": "lib/"
                }
            },
            "notification-url": "https://packagist.org/downloads/",
            "license": [
                "MIT"
            ],
            "authors": [
                {
                    "name": "Friedrich Große",
                    "email": "friedrich.grosse@gmail.com",
                    "homepage": "https://github.com/FGrosse",
                    "role": "Author"
                },
                {
                    "name": "All contributors",
                    "homepage": "https://github.com/FGrosse/PHPASN1/contributors"
                }
            ],
            "description": "A PHP Framework that allows you to encode and decode arbitrary ASN.1 structures using the ITU-T X.690 Encoding Rules. Mirrored from fgrosse/phpasn1",
            "homepage": "https://github.com/FGrosse/PHPASN1",
            "time": "2017-03-21T23:01:17+00:00"
        },
        {
            "name": "goodid/goodid-phpecc-php55",
            "version": "1.0.0",
            "source": {
                "type": "git",
                "url": "https://github.com/idandtrust/goodid-phpecc.git",
                "reference": "a918fe5e79b29e80d7084bb65e25197299e72bde"
            },
            "dist": {
                "type": "zip",
                "url": "https://api.github.com/repos/idandtrust/goodid-phpecc/zipball/a918fe5e79b29e80d7084bb65e25197299e72bde",
                "reference": "a918fe5e79b29e80d7084bb65e25197299e72bde",
                "shasum": ""
            },
            "require": {
                "ext-gmp": "*",
                "ext-mcrypt": "*",
                "goodid/goodid-phpasn1-php55": "~1.0",
                "php": ">=5.4.0",
                "symfony/console": "~2.6"
            },
            "require-dev": {
                "phpunit/phpunit": "~4.1",
                "squizlabs/php_codesniffer": "~2",
                "symfony/yaml": "~2.6"
            },
            "type": "library",
            "autoload": {
                "psr-4": {
                    "Mdanter\\Ecc\\": "src/"
                }
            },
            "notification-url": "https://packagist.org/downloads/",
            "license": [
                "MIT"
            ],
            "authors": [
                {
                    "name": "Matyas Danter",
                    "homepage": "http://matejdanter.com/",
                    "role": "Author"
                },
                {
                    "name": "Thibaud Fabre",
                    "email": "thibaud@aztech.io",
                    "homepage": "http://aztech.io",
                    "role": "Maintainer"
                },
                {
                    "name": "Drak",
                    "email": "drak@zikula.org",
                    "homepage": "http://zikula.org",
                    "role": "Maintainer"
                }
            ],
            "description": "PHP Elliptic Curve Cryptography library. Mirrored from mdanter/phpecc",
            "homepage": "https://github.com/mdanter/phpecc",
            "time": "2014-07-07T12:44:15+00:00"
        },
        {
            "name": "jwadhams/json-logic-php",
            "version": "1.3.7",
            "source": {
                "type": "git",
                "url": "https://github.com/jwadhams/json-logic-php.git",
                "reference": "659f340c77a8094ae96e838e3a9322ffd3fc51de"
            },
            "dist": {
                "type": "zip",
                "url": "https://api.github.com/repos/jwadhams/json-logic-php/zipball/659f340c77a8094ae96e838e3a9322ffd3fc51de",
                "reference": "659f340c77a8094ae96e838e3a9322ffd3fc51de",
                "shasum": ""
            },
            "require": {
                "php": ">=5.4.0"
            },
            "type": "library",
            "autoload": {
                "psr-0": {
                    "JWadhams": "src/"
                }
            },
            "notification-url": "https://packagist.org/downloads/",
            "license": [
                "MIT"
            ],
            "authors": [
                {
                    "name": "Jeremy Wadhams",
                    "email": "jwadhams@dealerinspire.com"
                }
            ],
            "description": "Build rules with complex comparisons and boolean operators, serialized as JSON, and execute them in PHP",
            "time": "2017-04-05T18:30:27+00:00"
        },
        {
            "name": "paragonie/random_compat",
            "version": "v2.0.10",
            "source": {
                "type": "git",
                "url": "https://github.com/paragonie/random_compat.git",
                "reference": "634bae8e911eefa89c1abfbf1b66da679ac8f54d"
            },
            "dist": {
                "type": "zip",
                "url": "https://api.github.com/repos/paragonie/random_compat/zipball/634bae8e911eefa89c1abfbf1b66da679ac8f54d",
                "reference": "634bae8e911eefa89c1abfbf1b66da679ac8f54d",
                "shasum": ""
            },
            "require": {
                "php": ">=5.2.0"
            },
            "require-dev": {
                "phpunit/phpunit": "4.*|5.*"
            },
            "suggest": {
                "ext-libsodium": "Provides a modern crypto API that can be used to generate random bytes."
            },
            "type": "library",
            "autoload": {
                "files": [
                    "lib/random.php"
                ]
            },
            "notification-url": "https://packagist.org/downloads/",
            "license": [
                "MIT"
            ],
            "authors": [
                {
                    "name": "Paragon Initiative Enterprises",
                    "email": "security@paragonie.com",
                    "homepage": "https://paragonie.com"
                }
            ],
            "description": "PHP 5.x polyfill for random_bytes() and random_int() from PHP 7",
            "keywords": [
                "csprng",
                "pseudorandom",
                "random"
            ],
            "time": "2017-03-13T16:27:32+00:00"
        },
        {
            "name": "phpseclib/phpseclib",
            "version": "2.0.6",
            "source": {
                "type": "git",
                "url": "https://github.com/phpseclib/phpseclib.git",
                "reference": "34a7699e6f31b1ef4035ee36444407cecf9f56aa"
            },
            "dist": {
                "type": "zip",
                "url": "https://api.github.com/repos/phpseclib/phpseclib/zipball/34a7699e6f31b1ef4035ee36444407cecf9f56aa",
                "reference": "34a7699e6f31b1ef4035ee36444407cecf9f56aa",
                "shasum": ""
            },
            "require": {
                "php": ">=5.3.3"
            },
            "require-dev": {
                "phing/phing": "~2.7",
                "phpunit/phpunit": "~4.0",
                "sami/sami": "~2.0",
                "squizlabs/php_codesniffer": "~2.0"
            },
            "suggest": {
                "ext-gmp": "Install the GMP (GNU Multiple Precision) extension in order to speed up arbitrary precision integer arithmetic operations.",
                "ext-libsodium": "SSH2/SFTP can make use of some algorithms provided by the libsodium-php extension.",
                "ext-mcrypt": "Install the Mcrypt extension in order to speed up a few other cryptographic operations.",
                "ext-openssl": "Install the OpenSSL extension in order to speed up a wide variety of cryptographic operations."
            },
            "type": "library",
            "autoload": {
                "files": [
                    "phpseclib/bootstrap.php"
                ],
                "psr-4": {
                    "phpseclib\\": "phpseclib/"
                }
            },
            "notification-url": "https://packagist.org/downloads/",
            "license": [
                "MIT"
            ],
            "authors": [
                {
                    "name": "Jim Wigginton",
                    "email": "terrafrost@php.net",
                    "role": "Lead Developer"
                },
                {
                    "name": "Patrick Monnerat",
                    "email": "pm@datasphere.ch",
                    "role": "Developer"
                },
                {
                    "name": "Andreas Fischer",
                    "email": "bantu@phpbb.com",
                    "role": "Developer"
                },
                {
                    "name": "Hans-Jürgen Petrich",
                    "email": "petrich@tronic-media.com",
                    "role": "Developer"
                },
                {
                    "name": "Graham Campbell",
                    "email": "graham@alt-three.com",
                    "role": "Developer"
                }
            ],
            "description": "PHP Secure Communications Library - Pure-PHP implementations of RSA, AES, SSH2, SFTP, X.509 etc.",
            "homepage": "http://phpseclib.sourceforge.net",
            "keywords": [
                "BigInteger",
                "aes",
                "asn.1",
                "asn1",
                "blowfish",
                "crypto",
                "cryptography",
                "encryption",
                "rsa",
                "security",
                "sftp",
                "signature",
                "signing",
                "ssh",
                "twofish",
                "x.509",
                "x509"
            ],
            "time": "2017-06-05T06:31:10+00:00"
        },
        {
            "name": "psr/log",
            "version": "1.0.2",
            "source": {
                "type": "git",
                "url": "https://github.com/php-fig/log.git",
                "reference": "4ebe3a8bf773a19edfe0a84b6585ba3d401b724d"
            },
            "dist": {
                "type": "zip",
                "url": "https://api.github.com/repos/php-fig/log/zipball/4ebe3a8bf773a19edfe0a84b6585ba3d401b724d",
                "reference": "4ebe3a8bf773a19edfe0a84b6585ba3d401b724d",
                "shasum": ""
            },
            "require": {
                "php": ">=5.3.0"
            },
            "type": "library",
            "extra": {
                "branch-alias": {
                    "dev-master": "1.0.x-dev"
                }
            },
            "autoload": {
                "psr-4": {
                    "Psr\\Log\\": "Psr/Log/"
                }
            },
            "notification-url": "https://packagist.org/downloads/",
            "license": [
                "MIT"
            ],
            "authors": [
                {
                    "name": "PHP-FIG",
                    "homepage": "http://www.php-fig.org/"
                }
            ],
            "description": "Common interface for logging libraries",
            "homepage": "https://github.com/php-fig/log",
            "keywords": [
                "log",
                "psr",
                "psr-3"
            ],
            "time": "2016-10-10T12:19:37+00:00"
        },
        {
            "name": "spomky-labs/aes-key-wrap",
            "version": "v2.0.4",
            "source": {
                "type": "git",
                "url": "https://github.com/Spomky-Labs/aes-key-wrap.git",
                "reference": "237a7d0129cbf713d365ef6661d2e010c62856d6"
            },
            "dist": {
                "type": "zip",
                "url": "https://api.github.com/repos/Spomky-Labs/aes-key-wrap/zipball/237a7d0129cbf713d365ef6661d2e010c62856d6",
                "reference": "237a7d0129cbf713d365ef6661d2e010c62856d6",
                "shasum": ""
            },
            "require": {
                "beberlei/assert": "^2.0",
                "php": ">=5.4"
            },
            "require-dev": {
                "phpunit/phpunit": "^4.5.0|^5.0.0",
                "satooshi/php-coveralls": "^1.0.0"
            },
            "suggest": {
                "ext-mcrypt": "Install MCrypt extension. If OpenSSL is installed, MCrypt is ignored. OpenSSL or MCrypt extension is required.",
                "lib-openssl": "Install OpenSSL extension if you want to use OpenSSL instead of MCrypt"
            },
            "type": "library",
            "extra": {
                "branch-alias": {
                    "dev-master": "2.0.x-dev"
                }
            },
            "autoload": {
                "psr-4": {
                    "AESKW\\": "src/"
                }
            },
            "notification-url": "https://packagist.org/downloads/",
            "license": [
                "MIT"
            ],
            "authors": [
                {
                    "name": "Florent Morselli",
                    "homepage": "https://github.com/Spomky-Labs/aes-key-wrap/contributors"
                }
            ],
            "description": "AES Kew Wrap for PHP.",
            "homepage": "https://github.com/Spomky-Labs/aes-key-wrap",
            "keywords": [
                "A128KW",
                "A192KW",
                "A256KW",
                "RFC3394",
                "RFC5649",
                "aes",
                "key",
                "padding",
                "wrap"
            ],
            "time": "2016-03-03T12:07:19+00:00"
        },
        {
            "name": "spomky-labs/base64url",
            "version": "v1.0.2",
            "source": {
                "type": "git",
                "url": "https://github.com/Spomky-Labs/base64url.git",
                "reference": "ef6d5fb93894063d9cee996022259fd08d6646ea"
            },
            "dist": {
                "type": "zip",
                "url": "https://api.github.com/repos/Spomky-Labs/base64url/zipball/ef6d5fb93894063d9cee996022259fd08d6646ea",
                "reference": "ef6d5fb93894063d9cee996022259fd08d6646ea",
                "shasum": ""
            },
            "require": {
                "php": "^5.3|^7.0"
            },
            "require-dev": {
                "phpunit/phpunit": "^4.0|^5.0",
                "satooshi/php-coveralls": "^1.0"
            },
            "type": "library",
            "extra": {
                "branch-alias": {
                    "dev-master": "1.0.x-dev"
                }
            },
            "autoload": {
                "psr-4": {
                    "Base64Url\\": "src/"
                }
            },
            "notification-url": "https://packagist.org/downloads/",
            "license": [
                "MIT"
            ],
            "authors": [
                {
                    "name": "Florent Morselli",
                    "homepage": "https://github.com/Spomky-Labs/base64url/contributors"
                }
            ],
            "description": "Base 64 URL Safe Encoding/decoding PHP Library",
            "homepage": "https://github.com/Spomky-Labs/base64url",
            "keywords": [
                "base64",
                "rfc4648",
                "safe",
                "url"
            ],
            "time": "2016-01-21T19:50:30+00:00"
        },
        {
            "name": "spomky-labs/php-aes-gcm",
            "version": "v1.2.0",
            "source": {
                "type": "git",
                "url": "https://github.com/Spomky-Labs/php-aes-gcm.git",
                "reference": "b655bef0d4f0fa2f36c11c5122e284951e81961c"
            },
            "dist": {
                "type": "zip",
                "url": "https://api.github.com/repos/Spomky-Labs/php-aes-gcm/zipball/b655bef0d4f0fa2f36c11c5122e284951e81961c",
                "reference": "b655bef0d4f0fa2f36c11c5122e284951e81961c",
                "shasum": ""
            },
            "require": {
                "beberlei/assert": "^2.4",
                "lib-openssl": "*",
                "php": ">=5.4",
                "symfony/polyfill-mbstring": "^1.1"
            },
            "require-dev": {
                "phpunit/phpunit": "^4.5|^5.0",
                "satooshi/php-coveralls": "^1.0"
            },
            "suggest": {
                "ext-crypto": "Highly recommended for better performance."
            },
            "type": "library",
            "extra": {
                "branch-alias": {
                    "dev-master": "1.2.x-dev"
                }
            },
            "autoload": {
                "psr-4": {
                    "AESGCM\\": "src/"
                }
            },
            "notification-url": "https://packagist.org/downloads/",
            "license": [
                "MIT"
            ],
            "authors": [
                {
                    "name": "Florent Morselli",
                    "homepage": "https://github.com/Spomky"
                },
                {
                    "name": "All contributors",
                    "homepage": "https://github.com/Spomky-Labs/php-aes-gcm/contributors"
                }
            ],
            "description": "AES GCM (Galois Counter Mode) PHP implementation.",
            "homepage": "https://github.com/Spomky-Labs/php-aes-gcm",
            "keywords": [
                "AES-GCM",
                "Galois Counter Mode",
                "aes",
                "gcm"
            ],
            "time": "2016-11-22T21:11:11+00:00"
        },
        {
            "name": "symfony/console",
            "version": "v2.8.25",
            "source": {
                "type": "git",
                "url": "https://github.com/symfony/console.git",
                "reference": "46e65f8d98c9ab629bbfcc16a4ff023f61c37fb2"
            },
            "dist": {
                "type": "zip",
                "url": "https://api.github.com/repos/symfony/console/zipball/46e65f8d98c9ab629bbfcc16a4ff023f61c37fb2",
                "reference": "46e65f8d98c9ab629bbfcc16a4ff023f61c37fb2",
                "shasum": ""
            },
            "require": {
                "php": ">=5.3.9",
                "symfony/debug": "^2.7.2|~3.0.0",
                "symfony/polyfill-mbstring": "~1.0"
            },
            "require-dev": {
                "psr/log": "~1.0",
                "symfony/event-dispatcher": "~2.1|~3.0.0",
                "symfony/process": "~2.1|~3.0.0"
            },
            "suggest": {
                "psr/log": "For using the console logger",
                "symfony/event-dispatcher": "",
                "symfony/process": ""
            },
            "type": "library",
            "extra": {
                "branch-alias": {
                    "dev-master": "2.8-dev"
                }
            },
            "autoload": {
                "psr-4": {
                    "Symfony\\Component\\Console\\": ""
                },
                "exclude-from-classmap": [
                    "/Tests/"
                ]
            },
            "notification-url": "http://packagist.org/downloads/",
            "license": [
                "MIT"
            ],
            "authors": [
                {
                    "name": "Fabien Potencier",
                    "email": "fabien@symfony.com"
                },
                {
                    "name": "Symfony Community",
                    "homepage": "https://symfony.com/contributors"
                }
            ],
            "description": "Symfony Console Component",
            "homepage": "https://symfony.com",
            "time": "2017-07-03T08:04:30+00:00"
        },
        {
            "name": "symfony/debug",
            "version": "v3.0.9",
            "source": {
                "type": "git",
                "url": "https://github.com/symfony/debug.git",
                "reference": "697c527acd9ea1b2d3efac34d9806bf255278b0a"
            },
            "dist": {
                "type": "zip",
                "url": "https://api.github.com/repos/symfony/debug/zipball/697c527acd9ea1b2d3efac34d9806bf255278b0a",
                "reference": "697c527acd9ea1b2d3efac34d9806bf255278b0a",
                "shasum": ""
            },
            "require": {
                "php": ">=5.5.9",
                "psr/log": "~1.0"
            },
            "conflict": {
                "symfony/http-kernel": ">=2.3,<2.3.24|~2.4.0|>=2.5,<2.5.9|>=2.6,<2.6.2"
            },
            "require-dev": {
                "symfony/class-loader": "~2.8|~3.0",
                "symfony/http-kernel": "~2.8|~3.0"
            },
            "type": "library",
            "extra": {
                "branch-alias": {
                    "dev-master": "3.0-dev"
                }
            },
            "autoload": {
                "psr-4": {
                    "Symfony\\Component\\Debug\\": ""
                },
                "exclude-from-classmap": [
                    "/Tests/"
                ]
            },
            "notification-url": "https://packagist.org/downloads/",
            "license": [
                "MIT"
            ],
            "authors": [
                {
                    "name": "Fabien Potencier",
                    "email": "fabien@symfony.com"
                },
                {
                    "name": "Symfony Community",
                    "homepage": "https://symfony.com/contributors"
                }
            ],
            "description": "Symfony Debug Component",
            "homepage": "https://symfony.com",
            "time": "2016-07-30T07:22:48+00:00"
        },
        {
            "name": "symfony/polyfill-mbstring",
            "version": "v1.4.0",
            "source": {
                "type": "git",
                "url": "https://github.com/symfony/polyfill-mbstring.git",
                "reference": "f29dca382a6485c3cbe6379f0c61230167681937"
            },
            "dist": {
                "type": "zip",
                "url": "https://api.github.com/repos/symfony/polyfill-mbstring/zipball/f29dca382a6485c3cbe6379f0c61230167681937",
                "reference": "f29dca382a6485c3cbe6379f0c61230167681937",
                "shasum": ""
            },
            "require": {
                "php": ">=5.3.3"
            },
            "suggest": {
                "ext-mbstring": "For best performance"
            },
            "type": "library",
            "extra": {
                "branch-alias": {
                    "dev-master": "1.4-dev"
                }
            },
            "autoload": {
                "psr-4": {
                    "Symfony\\Polyfill\\Mbstring\\": ""
                },
                "files": [
                    "bootstrap.php"
                ]
            },
            "notification-url": "https://packagist.org/downloads/",
            "license": [
                "MIT"
            ],
            "authors": [
                {
                    "name": "Nicolas Grekas",
                    "email": "p@tchwork.com"
                },
                {
                    "name": "Symfony Community",
                    "homepage": "https://symfony.com/contributors"
                }
            ],
            "description": "Symfony polyfill for the Mbstring extension",
            "homepage": "https://symfony.com",
            "keywords": [
                "compatibility",
                "mbstring",
                "polyfill",
                "portable",
                "shim"
            ],
            "time": "2017-06-09T14:24:12+00:00"
        },
        {
            "name": "symfony/polyfill-php56",
            "version": "v1.4.0",
            "source": {
                "type": "git",
                "url": "https://github.com/symfony/polyfill-php56.git",
                "reference": "bc0b7d6cb36b10cfabb170a3e359944a95174929"
            },
            "dist": {
                "type": "zip",
                "url": "https://api.github.com/repos/symfony/polyfill-php56/zipball/bc0b7d6cb36b10cfabb170a3e359944a95174929",
                "reference": "bc0b7d6cb36b10cfabb170a3e359944a95174929",
                "shasum": ""
            },
            "require": {
                "php": ">=5.3.3",
                "symfony/polyfill-util": "~1.0"
            },
            "type": "library",
            "extra": {
                "branch-alias": {
                    "dev-master": "1.4-dev"
                }
            },
            "autoload": {
                "psr-4": {
                    "Symfony\\Polyfill\\Php56\\": ""
                },
                "files": [
                    "bootstrap.php"
                ]
            },
            "notification-url": "https://packagist.org/downloads/",
            "license": [
                "MIT"
            ],
            "authors": [
                {
                    "name": "Nicolas Grekas",
                    "email": "p@tchwork.com"
                },
                {
                    "name": "Symfony Community",
                    "homepage": "https://symfony.com/contributors"
                }
            ],
            "description": "Symfony polyfill backporting some PHP 5.6+ features to lower PHP versions",
            "homepage": "https://symfony.com",
            "keywords": [
                "compatibility",
                "polyfill",
                "portable",
                "shim"
            ],
            "time": "2017-06-09T08:25:21+00:00"
        },
        {
            "name": "symfony/polyfill-php70",
            "version": "v1.4.0",
            "source": {
                "type": "git",
                "url": "https://github.com/symfony/polyfill-php70.git",
                "reference": "032fd647d5c11a9ceab8ee8747e13b5448e93874"
            },
            "dist": {
                "type": "zip",
                "url": "https://api.github.com/repos/symfony/polyfill-php70/zipball/032fd647d5c11a9ceab8ee8747e13b5448e93874",
                "reference": "032fd647d5c11a9ceab8ee8747e13b5448e93874",
                "shasum": ""
            },
            "require": {
                "paragonie/random_compat": "~1.0|~2.0",
                "php": ">=5.3.3"
            },
            "type": "library",
            "extra": {
                "branch-alias": {
                    "dev-master": "1.4-dev"
                }
            },
            "autoload": {
                "psr-4": {
                    "Symfony\\Polyfill\\Php70\\": ""
                },
                "files": [
                    "bootstrap.php"
                ],
                "classmap": [
                    "Resources/stubs"
                ]
            },
            "notification-url": "https://packagist.org/downloads/",
            "license": [
                "MIT"
            ],
            "authors": [
                {
                    "name": "Nicolas Grekas",
                    "email": "p@tchwork.com"
                },
                {
                    "name": "Symfony Community",
                    "homepage": "https://symfony.com/contributors"
                }
            ],
            "description": "Symfony polyfill backporting some PHP 7.0+ features to lower PHP versions",
            "homepage": "https://symfony.com",
            "keywords": [
                "compatibility",
                "polyfill",
                "portable",
                "shim"
            ],
            "time": "2017-06-09T14:24:12+00:00"
        },
        {
            "name": "symfony/polyfill-util",
            "version": "v1.4.0",
            "source": {
                "type": "git",
                "url": "https://github.com/symfony/polyfill-util.git",
                "reference": "ebccbde4aad410f6438d86d7d261c6b4d2b9a51d"
            },
            "dist": {
                "type": "zip",
                "url": "https://api.github.com/repos/symfony/polyfill-util/zipball/ebccbde4aad410f6438d86d7d261c6b4d2b9a51d",
                "reference": "ebccbde4aad410f6438d86d7d261c6b4d2b9a51d",
                "shasum": ""
            },
            "require": {
                "php": ">=5.3.3"
            },
            "type": "library",
            "extra": {
                "branch-alias": {
                    "dev-master": "1.4-dev"
                }
            },
            "autoload": {
                "psr-4": {
                    "Symfony\\Polyfill\\Util\\": ""
                }
            },
            "notification-url": "https://packagist.org/downloads/",
            "license": [
                "MIT"
            ],
            "authors": [
                {
                    "name": "Nicolas Grekas",
                    "email": "p@tchwork.com"
                },
                {
                    "name": "Symfony Community",
                    "homepage": "https://symfony.com/contributors"
                }
            ],
            "description": "Symfony utilities for portability of PHP codes",
            "homepage": "https://symfony.com",
            "keywords": [
                "compat",
                "compatibility",
                "polyfill",
                "shim"
            ],
            "time": "2017-06-09T08:25:21+00:00"
        }
    ],
    "packages-dev": [],
    "aliases": [],
    "minimum-stability": "stable",
    "stability-flags": [],
    "prefer-stable": false,
    "prefer-lowest": false,
    "platform": {
        "php": ">=5.5.9",
        "ext-openssl": "*"
    },
    "platform-dev": []
}
